
Microsoft Visual Studio Solution File, Format Version 12.00
# Visual Studio Version 17
VisualStudioVersion = 17.5.33502.453
MinimumVisualStudioVersion = 10.0.40219.1
Project("{FAE04EC0-301F-11D3-BF4B-00C04F79EFBC}") = "PMSnake", "PMSnake.csproj", "{7C0955D1-05A7-46EA-8B59-BF12A9D188DD}"
EndProject
Global
	GlobalSection(SolutionConfigurationPlatforms) = preSolution
		Debug|Any CPU = Debug|Any CPU
		Release|Any CPU = Release|Any CPU
	EndGlobalSection
	GlobalSection(ProjectConfigurationPlatforms) = postSolution
		{7C0955D1-05A7-46EA-8B59-BF12A9D188DD}.Debug|Any CPU.ActiveCfg = Debug|Any CPU
		{7C0955D1-05A7-46EA-8B59-BF12A9D188DD}.Debug|Any CPU.Build.0 = Debug|Any CPU
		{7C0955D1-05A7-46EA-8B59-BF12A9D188DD}.Release|Any CPU.ActiveCfg = Release|Any CPU
		{7C0955D1-05A7-46EA-8B59-BF12A9D188DD}.Release|Any CPU.Build.0 = Release|Any CPU
	EndGlobalSection
	GlobalSection(SolutionProperties) = preSolution
		HideSolutionNode = FALSE
	EndGlobalSection
	GlobalSection(ExtensibilityGlobals) = postSolution
		SolutionGuid = {BC2C620C-871D-48F1-932F-BB4BAC62BBBD}
	EndGlobalSection
EndGlobal
